<?xml version="1.0" encoding="UTF-8" standalone="yes" ?>
<CodeBlocks_project_file>
	<FileVersion major="1" minor="6" />
	<Project>
		<Option title="AIDA64SharedMemory_Boost" />
		<Option pch_mode="2" />
		<Option compiler="gcc" />
		<Build>
			<Target title="Debug">
				<Option output="bin/Debug/AIDA64SharedMemory_Boost" prefix_auto="1" extension_auto="1" />
				<Option object_output="obj/Debug/" />
				<Option type="1" />
				<Option compiler="gcc" />
				<Compiler>
					<Add option="-Wextra" />
					<Add option="-Wall" />
					<Add option="-g" />
					<Add directory="include" />
					<Add directory="I:/boost175" />
				</Compiler>
				<Linker>
					<Add option="-lws2_32" />
					<Add option="-static-libstdc++" />
					<Add option="-static-libgcc" />
					<Add option="-static" />
					<Add directory="I:/boost175" />
				</Linker>
			</Target>
			<Target title="Release">
				<Option output="bin/Release/AIDA64SharedMemory_Boost" prefix_auto="1" extension_auto="1" />
				<Option object_output="obj/Release/" />
				<Option type="1" />
				<Option compiler="gcc" />
				<Compiler>
					<Add option="-O2" />
					<Add directory="include" />
				</Compiler>
				<Linker>
					<Add option="-s" />
				</Linker>
			</Target>
		</Build>
		<Compiler>
			<Add option="-Wall" />
			<Add option="-fexceptions" />
		</Compiler>
		<Unit filename="include/Aida64SharedMemory.h" />
		<Unit filename="include/SerialComm.h" />
		<Unit filename="include/SerialConfig.h" />
		<Unit filename="include/SerialHard.h" />
		<Unit filename="include/SerialSoft.h" />
		<Unit filename="main.cpp" />
		<Unit filename="src/Aida64SharedMemory.cpp" />
		<Unit filename="src/SerialComm.cpp" />
		<Unit filename="src/SerialConfig.cpp" />
		<Unit filename="src/SerialHard.cpp" />
		<Unit filename="src/SerialSoft.cpp" />
		<Extensions>
			<lib_finder disable_auto="1" />
		</Extensions>
	</Project>
</CodeBlocks_project_file>
